
Microsoft Visual Studio Solution File, Format Version 12.00
# Visual Studio Version 16
VisualStudioVersion = 16.0.29409.12
MinimumVisualStudioVersion = 10.0.40219.1
Project("{FAE04EC0-301F-11D3-BF4B-00C04F79EFBC}") = "Zadaca1", "Zadaca1\Zadaca1.csproj", "{20094792-5A78-488F-8B52-0E9B4DE8BAF6}"
EndProject
Project("{FAE04EC0-301F-11D3-BF4B-00C04F79EFBC}") = "Klase1", "Klase1\Klase1.csproj", "{3BA10BFE-2B30-4668-BCFB-9390CD479660}"
EndProject
Global
	GlobalSection(SolutionConfigurationPlatforms) = preSolution
		Debug|Any CPU = Debug|Any CPU
		Release|Any CPU = Release|Any CPU
	EndGlobalSection
	GlobalSection(ProjectConfigurationPlatforms) = postSolution
		{20094792-5A78-488F-8B52-0E9B4DE8BAF6}.Debug|Any CPU.ActiveCfg = Debug|Any CPU
		{20094792-5A78-488F-8B52-0E9B4DE8BAF6}.Debug|Any CPU.Build.0 = Debug|Any CPU
		{20094792-5A78-488F-8B52-0E9B4DE8BAF6}.Release|Any CPU.ActiveCfg = Release|Any CPU
		{20094792-5A78-488F-8B52-0E9B4DE8BAF6}.Release|Any CPU.Build.0 = Release|Any CPU
		{3BA10BFE-2B30-4668-BCFB-9390CD479660}.Debug|Any CPU.ActiveCfg = Debug|Any CPU
		{3BA10BFE-2B30-4668-BCFB-9390CD479660}.Debug|Any CPU.Build.0 = Debug|Any CPU
		{3BA10BFE-2B30-4668-BCFB-9390CD479660}.Release|Any CPU.ActiveCfg = Release|Any CPU
		{3BA10BFE-2B30-4668-BCFB-9390CD479660}.Release|Any CPU.Build.0 = Release|Any CPU
	EndGlobalSection
	GlobalSection(SolutionProperties) = preSolution
		HideSolutionNode = FALSE
	EndGlobalSection
	GlobalSection(ExtensibilityGlobals) = postSolution
		SolutionGuid = {BC95CDA1-EFA7-4AEA-9156-220D9A5571A8}
	EndGlobalSection
EndGlobal
